
Microsoft Visual Studio Solution File, Format Version 12.00
# Visual Studio Version 17
VisualStudioVersion = 17.1.32407.343
MinimumVisualStudioVersion = 10.0.40219.1
Project("{FAE04EC0-301F-11D3-BF4B-00C04F79EFBC}") = "Calculadora", "Calculadora\Calculadora.csproj", "{699E0C51-FA17-40D5-82A0-76EA0C363863}"
EndProject
Global
	GlobalSection(SolutionConfigurationPlatforms) = preSolution
		Debug|Any CPU = Debug|Any CPU
		Release|Any CPU = Release|Any CPU
	EndGlobalSection
	GlobalSection(ProjectConfigurationPlatforms) = postSolution
		{699E0C51-FA17-40D5-82A0-76EA0C363863}.Debug|Any CPU.ActiveCfg = Debug|Any CPU
		{699E0C51-FA17-40D5-82A0-76EA0C363863}.Debug|Any CPU.Build.0 = Debug|Any CPU
		{699E0C51-FA17-40D5-82A0-76EA0C363863}.Release|Any CPU.ActiveCfg = Release|Any CPU
		{699E0C51-FA17-40D5-82A0-76EA0C363863}.Release|Any CPU.Build.0 = Release|Any CPU
	EndGlobalSection
	GlobalSection(SolutionProperties) = preSolution
		HideSolutionNode = FALSE
	EndGlobalSection
	GlobalSection(ExtensibilityGlobals) = postSolution
		SolutionGuid = {C19D00FC-13D8-43B5-B035-9C373F517666}
	EndGlobalSection
EndGlobal
